IREE_RUNTIME_TAG=v3.1.0
IREE_COMPILER=iree-base-compiler==3.1.0
IREE_TOOLS_TFLITE=iree-tools-tflite==20250107.0
TENSORFLOW=tensorflow==2.17.0
TOOLCHAIN_ENV=iree-toolchain310
NOTES=Selected for BE-U1000 TFLite static-library ABI compatibility; runtime submodule is pinned to v3.1.0 to match the TFLite import/codegen toolchain.
